{
  "originHash" : "296543f5b555321dd6b29e02cd4513839e26d9b2575c942f454b3fb85a85607e",
  "pins" : [
    {
      "identity" : "libarcane-swift",
      "kind" : "remoteSourceControl",
      "location" : "https://github.com/getarcaneapp/libarcane-swift.git",
      "state" : {
        "branch" : "main",
        "revision" : "ecd237ef058881c7efa1e7ba0c3c38f2a084ae57"
      }
    },
    {
      "identity" : "swift-http-types",
      "kind" : "remoteSourceControl",
      "location" : "https://github.com/apple/swift-http-types",
      "state" : {
        "revision" : "db774a277f60063a32d854f2980299caf06da041",
        "version" : "1.6.0"
      }
    },
    {
      "identity" : "whatsnewkit",
      "kind" : "remoteSourceControl",
      "location" : "https://github.com/SvenTiigi/WhatsNewKit.git",
      "state" : {
        "revision" : "6157c77e8be9b3d2310bc680681b61a8d9e290ac",
        "version" : "2.2.1"
      }
    }
  ],
  "version" : 3
}
