{
  "originHash" : "510b2001b7def147739a88d5978aefce1e5b0838ad09bd7dd136025fb43d941c",
  "pins" : [
    {
      "identity" : "libarcane-swift",
      "kind" : "remoteSourceControl",
      "location" : "https://github.com/getarcaneapp/libarcane-swift.git",
      "state" : {
        "branch" : "main",
        "revision" : "e3c44e66e2d83c0d5e2d31d891178e3d6a3f1669"
      }
    },
    {
      "identity" : "swift-http-types",
      "kind" : "remoteSourceControl",
      "location" : "https://github.com/apple/swift-http-types",
      "state" : {
        "revision" : "db774a277f60063a32d854f2980299caf06da041",
        "version" : "1.6.0"
      }
    },
    {
      "identity" : "swift-tree-sitter",
      "kind" : "remoteSourceControl",
      "location" : "https://github.com/tree-sitter/swift-tree-sitter",
      "state" : {
        "revision" : "f97df585296977d8fcaf644cbde567151d1367b8",
        "version" : "0.10.0"
      }
    },
    {
      "identity" : "tree-sitter",
      "kind" : "remoteSourceControl",
      "location" : "https://github.com/tree-sitter/tree-sitter",
      "state" : {
        "revision" : "da6fe9beb4f7f67beb75914ca8e0d48ae48d6406",
        "version" : "0.25.10"
      }
    },
    {
      "identity" : "tree-sitter-yaml",
      "kind" : "remoteSourceControl",
      "location" : "https://github.com/tree-sitter-grammars/tree-sitter-yaml",
      "state" : {
        "revision" : "7b03feefd36b5f155465ca736c6304aca983b267"
      }
    },
    {
      "identity" : "whatsnewkit",
      "kind" : "remoteSourceControl",
      "location" : "https://github.com/SvenTiigi/WhatsNewKit.git",
      "state" : {
        "revision" : "6157c77e8be9b3d2310bc680681b61a8d9e290ac",
        "version" : "2.2.1"
      }
    }
  ],
  "version" : 3
}
